// !$*UTF8*$!
{
	archiveVersion = 1;
	classes = {
	};
	objectVersion = 50;
	objects = {

/* Begin PBXBuildFile section */
		0D6AA677263EA56C00895AE0 /* seedPodExplode.sks in Resources */ = {isa = PBXBuildFile; fileRef = 0D6AA676263EA56C00895AE0 /* seedPodExplode.sks */; };
		0D90701A2631B97500855895 /* AppDelegate.swift in Sources */ = {isa = PBXBuildFile; fileRef = 0D9070192631B97500855895 /* AppDelegate.swift */; };
		0D90701C2631B97500855895 /* GameScene.sks in Resources */ = {isa = PBXBuildFile; fileRef = 0D90701B2631B97500855895 /* GameScene.sks */; };
		0D90701E2631B97500855895 /* Actions.sks in Resources */ = {isa = PBXBuildFile; fileRef = 0D90701D2631B97500855895 /* Actions.sks */; };
		0D9070202631B97500855895 /* GameScene.swift in Sources */ = {isa = PBXBuildFile; fileRef = 0D90701F2631B97500855895 /* GameScene.swift */; };
		0D9070222631B97500855895 /* GameViewController.swift in Sources */ = {isa = PBXBuildFile; fileRef = 0D9070212631B97500855895 /* GameViewController.swift */; };
		0D9070252631B97500855895 /* Main.storyboard in Resources */ = {isa = PBXBuildFile; fileRef = 0D9070232631B97500855895 /* Main.storyboard */; };
		0D9070322631B97600855895 /* threadTests.swift in Sources */ = {isa = PBXBuildFile; fileRef = 0D9070312631B97600855895 /* threadTests.swift */; };
		0D90703D2631B97600855895 /* threadUITests.swift in Sources */ = {isa = PBXBuildFile; fileRef = 0D90703C2631B97600855895 /* threadUITests.swift */; };
		0D90704E263321AA00855895 /* GameElements.swift in Sources */ = {isa = PBXBuildFile; fileRef = 0D90704D263321AA00855895 /* GameElements.swift */; };
		0DD73F29263EB08200A22EC9 /* groundParticles.sks in Resources */ = {isa = PBXBuildFile; fileRef = 0DD73F27263EB08200A22EC9 /* groundParticles.sks */; };
		0DD73F2A263EB08200A22EC9 /* Assets.xcassets in Resources */ = {isa = PBXBuildFile; fileRef = 0DD73F28263EB08200A22EC9 /* Assets.xcassets */; };
/* End PBXBuildFile section */

/* Begin PBXContainerItemProxy section */
		0D90702E2631B97600855895 /* PBXContainerItemProxy */ = {
			isa = PBXContainerItemProxy;
			containerPortal = 0D90700E2631B97500855895 /* Project object */;
			proxyType = 1;
			remoteGlobalIDString = 0D9070152631B97500855895;
			remoteInfo = thread;
		};
		0D9070392631B97600855895 /* PBXContainerItemProxy */ = {
			isa = PBXContainerItemProxy;
			containerPortal = 0D90700E2631B97500855895 /* Project object */;
			proxyType = 1;
			remoteGlobalIDString = 0D9070152631B97500855895;
			remoteInfo = thread;
		};
/* End PBXContainerItemProxy section */

/* Begin PBXFileReference section */
		0D6AA676263EA56C00895AE0 /* seedPodExplode.sks */ = {isa = PBXFileReference; lastKnownFileType = file.sks; path = seedPodExplode.sks; sourceTree = "<group>"; };
		0D9070162631B97500855895 /* thread.app */ = {isa = PBXFileReference; explicitFileType = wrapper.application; includeInIndex = 0; path = thread.app; sourceTree = BUILT_PRODUCTS_DIR; };
		0D9070192631B97500855895 /* AppDelegate.swift */ = {isa = PBXFileReference; lastKnownFileType = sourcecode.swift; path = AppDelegate.swift; sourceTree = "<group>"; };
		0D90701B2631B97500855895 /* GameScene.sks */ = {isa = PBXFileReference; lastKnownFileType = file.sks; path = GameScene.sks; sourceTree = "<group>"; };
		0D90701D2631B97500855895 /* Actions.sks */ = {isa = PBXFileReference; lastKnownFileType = file.sks; path = Actions.sks; sourceTree = "<group>"; };
		0D90701F2631B97500855895 /* GameScene.swift */ = {isa = PBXFileReference; lastKnownFileType = sourcecode.swift; path = GameScene.swift; sourceTree = "<group>"; };
		0D9070212631B97500855895 /* GameViewController.swift */ = {isa = PBXFileReference; lastKnownFileType = sourcecode.swift; path = GameViewController.swift; sourceTree = "<group>"; };
		0D9070242631B97500855895 /* Base */ = {isa = PBXFileReference; lastKnownFileType = file.storyboard; name = Base; path = Base.lproj/Main.storyboard; sourceTree = "<group>"; };
		0D9070282631B97600855895 /* Info.plist */ = {isa = PBXFileReference; lastKnownFileType = text.plist.xml; path = Info.plist; sourceTree = "<group>"; };
		0D90702D2631B97600855895 /* threadTests.xctest */ = {isa = PBXFileReference; explicitFileType = wrapper.cfbundle; includeInIndex = 0; path = threadTests.xctest; sourceTree = BUILT_PRODUCTS_DIR; };
		0D9070312631B97600855895 /* threadTests.swift */ = {isa = PBXFileReference; lastKnownFileType = sourcecode.swift; path = threadTests.swift; sourceTree = "<group>"; };
		0D9070332631B97600855895 /* Info.plist */ = {isa = PBXFileReference; lastKnownFileType = text.plist.xml; path = Info.plist; sourceTree = "<group>"; };
		0D9070382631B97600855895 /* threadUITests.xctest */ = {isa = PBXFileReference; explicitFileType = wrapper.cfbundle; includeInIndex = 0; path = threadUITests.xctest; sourceTree = BUILT_PRODUCTS_DIR; };
		0D90703C2631B97600855895 /* threadUITests.swift */ = {isa = PBXFileReference; lastKnownFileType = sourcecode.swift; path = threadUITests.swift; sourceTree = "<group>"; };
		0D90703E2631B97600855895 /* Info.plist */ = {isa = PBXFileReference; lastKnownFileType = text.plist.xml; path = Info.plist; sourceTree = "<group>"; };
		0D90704D263321AA00855895 /* GameElements.swift */ = {isa = PBXFileReference; lastKnownFileType = sourcecode.swift; path = GameElements.swift; sourceTree = "<group>"; };
		0DD73F27263EB08200A22EC9 /* groundParticles.sks */ = {isa = PBXFileReference; lastKnownFileType = file.sks; path = groundParticles.sks; sourceTree = "<group>"; };
		0DD73F28263EB08200A22EC9 /* Assets.xcassets */ = {isa = PBXFileReference; lastKnownFileType = folder.assetcatalog; path = Assets.xcassets; sourceTree = "<group>"; };
/* End PBXFileReference section */

/* Begin PBXFrameworksBuildPhase section */
		0D9070132631B97500855895 /* Frameworks */ = {
			isa = PBXFrameworksBuildPhase;
			buildActionMask = 2147483647;
			files = (
			);
			runOnlyForDeploymentPostprocessing = 0;
		};
		0D90702A2631B97600855895 /* Frameworks */ = {
			isa = PBXFrameworksBuildPhase;
			buildActionMask = 2147483647;
			files = (
			);
			runOnlyForDeploymentPostprocessing = 0;
		};
		0D9070352631B97600855895 /* Frameworks */ = {
			isa = PBXFrameworksBuildPhase;
			buildActionMask = 2147483647;
			files = (
			);
			runOnlyForDeploymentPostprocessing = 0;
		};
/* End PBXFrameworksBuildPhase section */

/* Begin PBXGroup section */
		0D90700D2631B97500855895 = {
			isa = PBXGroup;
			children = (
				0D9070182631B97500855895 /* thread */,
				0D9070302631B97600855895 /* threadTests */,
				0D90703B2631B97600855895 /* threadUITests */,
				0D9070172631B97500855895 /* Products */,
			);
			sourceTree = "<group>";
		};
		0D9070172631B97500855895 /* Products */ = {
			isa = PBXGroup;
			children = (
				0D9070162631B97500855895 /* thread.app */,
				0D90702D2631B97600855895 /* threadTests.xctest */,
				0D9070382631B97600855895 /* threadUITests.xctest */,
			);
			name = Products;
			sourceTree = "<group>";
		};
		0D9070182631B97500855895 /* thread */ = {
			isa = PBXGroup;
			children = (
				0D9070192631B97500855895 /* AppDelegate.swift */,
				0D90701B2631B97500855895 /* GameScene.sks */,
				0D90701D2631B97500855895 /* Actions.sks */,
				0D90701F2631B97500855895 /* GameScene.swift */,
				0D6AA676263EA56C00895AE0 /* seedPodExplode.sks */,
				0DD73F27263EB08200A22EC9 /* groundParticles.sks */,
				0DD73F28263EB08200A22EC9 /* Assets.xcassets */,
				0D9070212631B97500855895 /* GameViewController.swift */,
				0D90704D263321AA00855895 /* GameElements.swift */,
				0D9070232631B97500855895 /* Main.storyboard */,
				0D9070282631B97600855895 /* Info.plist */,
			);
			path = thread;
			sourceTree = "<group>";
		};
		0D9070302631B97600855895 /* threadTests */ = {
			isa = PBXGroup;
			children = (
				0D9070312631B97600855895 /* threadTests.swift */,
				0D9070332631B97600855895 /* Info.plist */,
			);
			path = threadTests;
			sourceTree = "<group>";
		};
		0D90703B2631B97600855895 /* threadUITests */ = {
			isa = PBXGroup;
			children = (
				0D90703C2631B97600855895 /* threadUITests.swift */,
				0D90703E2631B97600855895 /* Info.plist */,
			);
			path = threadUITests;
			sourceTree = "<group>";
		};
/* End PBXGroup section */

/* Begin PBXNativeTarget section */
		0D9070152631B97500855895 /* thread */ = {
			isa = PBXNativeTarget;
			buildConfigurationList = 0D9070412631B97600855895 /* Build configuration list for PBXNativeTarget "thread" */;
			buildPhases = (
				0D9070122631B97500855895 /* Sources */,
				0D9070132631B97500855895 /* Frameworks */,
				0D9070142631B97500855895 /* Resources */,
			);
			buildRules = (
			);
			dependencies = (
			);
			name = thread;
			productName = thread;
			productReference = 0D9070162631B97500855895 /* thread.app */;
			productType = "com.apple.product-type.application";
		};
		0D90702C2631B97600855895 /* threadTests */ = {
			isa = PBXNativeTarget;
			buildConfigurationList = 0D9070442631B97600855895 /* Build configuration list for PBXNativeTarget "threadTests" */;
			buildPhases = (
				0D9070292631B97600855895 /* Sources */,
				0D90702A2631B97600855895 /* Frameworks */,
				0D90702B2631B97600855895 /* Resources */,
			);
			buildRules = (
			);
			dependencies = (
				0D90702F2631B97600855895 /* PBXTargetDependency */,
			);
			name = threadTests;
			productName = threadTests;
			productReference = 0D90702D2631B97600855895 /* threadTests.xctest */;
			productType = "com.apple.product-type.bundle.unit-test";
		};
		0D9070372631B97600855895 /* threadUITests */ = {
			isa = PBXNativeTarget;
			buildConfigurationList = 0D9070472631B97600855895 /* Build configuration list for PBXNativeTarget "threadUITests" */;
			buildPhases = (
				0D9070342631B97600855895 /* Sources */,
				0D9070352631B97600855895 /* Frameworks */,
				0D9070362631B97600855895 /* Resources */,
			);
			buildRules = (
			);
			dependencies = (
				0D90703A2631B97600855895 /* PBXTargetDependency */,
			);
			name = threadUITests;
			productName = threadUITests;
			productReference = 0D9070382631B97600855895 /* threadUITests.xctest */;
			productType = "com.apple.product-type.bundle.ui-testing";
		};
/* End PBXNativeTarget section */

/* Begin PBXProject section */
		0D90700E2631B97500855895 /* Project object */ = {
			isa = PBXProject;
			attributes = {
				LastSwiftUpdateCheck = 1240;
				LastUpgradeCheck = 1240;
				TargetAttributes = {
					0D9070152631B97500855895 = {
						CreatedOnToolsVersion = 12.4;
					};
					0D90702C2631B97600855895 = {
						CreatedOnToolsVersion = 12.4;
						TestTargetID = 0D9070152631B97500855895;
					};
					0D9070372631B97600855895 = {
						CreatedOnToolsVersion = 12.4;
						TestTargetID = 0D9070152631B97500855895;
					};
				};
			};
			buildConfigurationList = 0D9070112631B97500855895 /* Build configuration list for PBXProject "thread" */;
			compatibilityVersion = "Xcode 9.3";
			developmentRegion = en;
			hasScannedForEncodings = 0;
			knownRegions = (
				en,
				Base,
			);
			mainGroup = 0D90700D2631B97500855895;
			productRefGroup = 0D9070172631B97500855895 /* Products */;
			projectDirPath = "";
			projectRoot = "";
			targets = (
				0D9070152631B97500855895 /* thread */,
				0D90702C2631B97600855895 /* threadTests */,
				0D9070372631B97600855895 /* threadUITests */,
			);
		};
/* End PBXProject section */

/* Begin PBXResourcesBuildPhase section */
		0D9070142631B97500855895 /* Resources */ = {
			isa = PBXResourcesBuildPhase;
			buildActionMask = 2147483647;
			files = (
				0D9070252631B97500855895 /* Main.storyboard in Resources */,
				0DD73F29263EB08200A22EC9 /* groundParticles.sks in Resources */,
				0D6AA677263EA56C00895AE0 /* seedPodExplode.sks in Resources */,
				0D90701C2631B97500855895 /* GameScene.sks in Resources */,
				0DD73F2A263EB08200A22EC9 /* Assets.xcassets in Resources */,
				0D90701E2631B97500855895 /* Actions.sks in Resources */,
			);
			runOnlyForDeploymentPostprocessing = 0;
		};
		0D90702B2631B97600855895 /* Resources */ = {
			isa = PBXResourcesBuildPhase;
			buildActionMask = 2147483647;
			files = (
			);
			runOnlyForDeploymentPostprocessing = 0;
		};
		0D9070362631B97600855895 /* Resources */ = {
			isa = PBXResourcesBuildPhase;
			buildActionMask = 2147483647;
			files = (
			);
			runOnlyForDeploymentPostprocessing = 0;
		};
/* End PBXResourcesBuildPhase section */

/* Begin PBXSourcesBuildPhase section */
		0D9070122631B97500855895 /* Sources */ = {
			isa = PBXSourcesBuildPhase;
			buildActionMask = 2147483647;
			files = (
				0D90704E263321AA00855895 /* GameElements.swift in Sources */,
				0D9070202631B97500855895 /* GameScene.swift in Sources */,
				0D9070222631B97500855895 /* GameViewController.swift in Sources */,
				0D90701A2631B97500855895 /* AppDelegate.swift in Sources */,
			);
			runOnlyForDeploymentPostprocessing = 0;
		};
		0D9070292631B97600855895 /* Sources */ = {
			isa = PBXSourcesBuildPhase;
			buildActionMask = 2147483647;
			files = (
				0D9070322631B97600855895 /* threadTests.swift in Sources */,
			);
			runOnlyForDeploymentPostprocessing = 0;
		};
		0D9070342631B97600855895 /* Sources */ = {
			isa = PBXSourcesBuildPhase;
			buildActionMask = 2147483647;
			files = (
				0D90703D2631B97600855895 /* threadUITests.swift in Sources */,
			);
			runOnlyForDeploymentPostprocessing = 0;
		};
/* End PBXSourcesBuildPhase section */

/* Begin PBXTargetDependency section */
		0D90702F2631B97600855895 /* PBXTargetDependency */ = {
			isa = PBXTargetDependency;
			target = 0D9070152631B97500855895 /* thread */;
			targetProxy = 0D90702E2631B97600855895 /* PBXContainerItemProxy */;
		};
		0D90703A2631B97600855895 /* PBXTargetDependency */ = {
			isa = PBXTargetDependency;
			target = 0D9070152631B97500855895 /* thread */;
			targetProxy = 0D9070392631B97600855895 /* PBXContainerItemProxy */;
		};
/* End PBXTargetDependency section */

/* Begin PBXVariantGroup section */
		0D9070232631B97500855895 /* Main.storyboard */ = {
			isa = PBXVariantGroup;
			children = (
				0D9070242631B97500855895 /* Base */,
			);
			name = Main.storyboard;
			sourceTree = "<group>";
		};
/* End PBXVariantGroup section */

/* Begin XCBuildConfiguration section */
		0D90703F2631B97600855895 /* Debug */ = {
			isa = XCBuildConfiguration;
			buildSettings = {
				ALWAYS_SEARCH_USER_PATHS = NO;
				CLANG_ANALYZER_NONNULL = YES;
				CLANG_ANALYZER_NUMBER_OBJECT_CONVERSION = YES_AGGRESSIVE;
				CLANG_CXX_LANGUAGE_STANDARD = "gnu++14";
				CLANG_CXX_LIBRARY = "libc++";
				CLANG_ENABLE_MODULES = YES;
				CLANG_ENABLE_OBJC_ARC = YES;
				CLANG_ENABLE_OBJC_WEAK = YES;
				CLANG_WARN_BLOCK_CAPTURE_AUTORELEASING = YES;
				CLANG_WARN_BOOL_CONVERSION = YES;
				CLANG_WARN_COMMA = YES;
				CLANG_WARN_CONSTANT_CONVERSION = YES;
				CLANG_WARN_DEPRECATED_OBJC_IMPLEMENTATIONS = YES;
				CLANG_WARN_DIRECT_OBJC_ISA_USAGE = YES_ERROR;
				CLANG_WARN_DOCUMENTATION_COMMENTS = YES;
				CLANG_WARN_EMPTY_BODY = YES;
				CLANG_WARN_ENUM_CONVERSION = YES;
				CLANG_WARN_INFINITE_RECURSION = YES;
				CLANG_WARN_INT_CONVERSION = YES;
				CLANG_WARN_NON_LITERAL_NULL_CONVERSION = YES;
				CLANG_WARN_OBJC_IMPLICIT_RETAIN_SELF = YES;
				CLANG_WARN_OBJC_LITERAL_CONVERSION = YES;
				CLANG_WARN_OBJC_ROOT_CLASS = YES_ERROR;
				CLANG_WARN_QUOTED_INCLUDE_IN_FRAMEWORK_HEADER = YES;
				CLANG_WARN_RANGE_LOOP_ANALYSIS = YES;
				CLANG_WARN_STRICT_PROTOTYPES = YES;
				CLANG_WARN_SUSPICIOUS_MOVE = YES;
				CLANG_WARN_UNGUARDED_AVAILABILITY = YES_AGGRESSIVE;
				CLANG_WARN_UNREACHABLE_CODE = YES;
				CLANG_WARN__DUPLICATE_METHOD_MATCH = YES;
				COPY_PHASE_STRIP = NO;
				DEBUG_INFORMATION_FORMAT = dwarf;
				ENABLE_STRICT_OBJC_MSGSEND = YES;
				ENABLE_TESTABILITY = YES;
				GCC_C_LANGUAGE_STANDARD = gnu11;
				GCC_DYNAMIC_NO_PIC = NO;
				GCC_NO_COMMON_BLOCKS = YES;
				GCC_OPTIMIZATION_LEVEL = 0;
				GCC_PREPROCESSOR_DEFINITIONS = (
					"DEBUG=1",
					"$(inherited)",
				);
				GCC_WARN_64_TO_32_BIT_CONVERSION = YES;
				GCC_WARN_ABOUT_RETURN_TYPE = YES_ERROR;
				GCC_WARN_UNDECLARED_SELECTOR = YES;
				GCC_WARN_UNINITIALIZED_AUTOS = YES_AGGRESSIVE;
				GCC_WARN_UNUSED_FUNCTION = YES;
				GCC_WARN_UNUSED_VARIABLE = YES;
				IPHONEOS_DEPLOYMENT_TARGET = 14.4;
				MTL_ENABLE_DEBUG_INFO = INCLUDE_SOURCE;
				MTL_FAST_MATH = YES;
				ONLY_ACTIVE_ARCH = YES;
				SDKROOT = iphoneos;
				SWIFT_ACTIVE_COMPILATION_CONDITIONS = DEBUG;
				SWIFT_OPTIMIZATION_LEVEL = "-Onone";
			};
			name = Debug;
		};
		0D9070402631B97600855895 /* Release */ = {
			isa = XCBuildConfiguration;
			buildSettings = {
				ALWAYS_SEARCH_USER_PATHS = NO;
				CLANG_ANALYZER_NONNULL = YES;
				CLANG_ANALYZER_NUMBER_OBJECT_CONVERSION = YES_AGGRESSIVE;
				CLANG_CXX_LANGUAGE_STANDARD = "gnu++14";
				CLANG_CXX_LIBRARY = "libc++";
				CLANG_ENABLE_MODULES = YES;
				CLANG_ENABLE_OBJC_ARC = YES;
				CLANG_ENABLE_OBJC_WEAK = YES;
				CLANG_WARN_BLOCK_CAPTURE_AUTORELEASING = YES;
				CLANG_WARN_BOOL_CONVERSION = YES;
				CLANG_WARN_COMMA = YES;
				CLANG_WARN_CONSTANT_CONVERSION = YES;
				CLANG_WARN_DEPRECATED_OBJC_IMPLEMENTATIONS = YES;
				CLANG_WARN_DIRECT_OBJC_ISA_USAGE = YES_ERROR;
				CLANG_WARN_DOCUMENTATION_COMMENTS = YES;
				CLANG_WARN_EMPTY_BODY = YES;
				CLANG_WARN_ENUM_CONVERSION = YES;
				CLANG_WARN_INFINITE_RECURSION = YES;
				CLANG_WARN_INT_CONVERSION = YES;
				CLANG_WARN_NON_LITERAL_NULL_CONVERSION = YES;
				CLANG_WARN_OBJC_IMPLICIT_RETAIN_SELF = YES;
				CLANG_WARN_OBJC_LITERAL_CONVERSION = YES;
				CLANG_WARN_OBJC_ROOT_CLASS = YES_ERROR;
				CLANG_WARN_QUOTED_INCLUDE_IN_FRAMEWORK_HEADER = YES;
				CLANG_WARN_RANGE_LOOP_ANALYSIS = YES;
				CLANG_WARN_STRICT_PROTOTYPES = YES;
				CLANG_WARN_SUSPICIOUS_MOVE = YES;
				CLANG_WARN_UNGUARDED_AVAILABILITY = YES_AGGRESSIVE;
				CLANG_WARN_UNREACHABLE_CODE = YES;
				CLANG_WARN__DUPLICATE_METHOD_MATCH = YES;
				COPY_PHASE_STRIP = NO;
				DEBUG_INFORMATION_FORMAT = "dwarf-with-dsym";
				ENABLE_NS_ASSERTIONS = NO;
				ENABLE_STRICT_OBJC_MSGSEND = YES;
				GCC_C_LANGUAGE_STANDARD = gnu11;
				GCC_NO_COMMON_BLOCKS = YES;
				GCC_WARN_64_TO_32_BIT_CONVERSION = YES;
				GCC_WARN_ABOUT_RETURN_TYPE = YES_ERROR;
				GCC_WARN_UNDECLARED_SELECTOR = YES;
				GCC_WARN_UNINITIALIZED_AUTOS = YES_AGGRESSIVE;
				GCC_WARN_UNUSED_FUNCTION = YES;
				GCC_WARN_UNUSED_VARIABLE = YES;
				IPHONEOS_DEPLOYMENT_TARGET = 14.4;
				MTL_ENABLE_DEBUG_INFO = NO;
				MTL_FAST_MATH = YES;
				SDKROOT = iphoneos;
				SWIFT_COMPILATION_MODE = wholemodule;
				SWIFT_OPTIMIZATION_LEVEL = "-O";
				VALIDATE_PRODUCT = YES;
			};
			name = Release;
		};
		0D9070422631B97600855895 /* Debug */ = {
			isa = XCBuildConfiguration;
			buildSettings = {
				ASSETCATALOG_COMPILER_APPICON_NAME = AppIcon;
				ASSETCATALOG_COMPILER_GLOBAL_ACCENT_COLOR_NAME = AccentColor;
				CODE_SIGN_STYLE = Automatic;
				DEVELOPMENT_TEAM = 6TPWY3BLL8;
				INFOPLIST_FILE = thread/Info.plist;
				LD_RUNPATH_SEARCH_PATHS = (
					"$(inherited)",
					"@executable_path/Frameworks",
				);
				PRODUCT_BUNDLE_IDENTIFIER = PetarSimonovic.thread;
				PRODUCT_NAME = "$(TARGET_NAME)";
				SWIFT_VERSION = 5.0;
				TARGETED_DEVICE_FAMILY = "1,2";
			};
			name = Debug;
		};
		0D9070432631B97600855895 /* Release */ = {
			isa = XCBuildConfiguration;
			buildSettings = {
				ASSETCATALOG_COMPILER_APPICON_NAME = AppIcon;
				ASSETCATALOG_COMPILER_GLOBAL_ACCENT_COLOR_NAME = AccentColor;
				CODE_SIGN_STYLE = Automatic;
				DEVELOPMENT_TEAM = 6TPWY3BLL8;
				INFOPLIST_FILE = thread/Info.plist;
				LD_RUNPATH_SEARCH_PATHS = (
					"$(inherited)",
					"@executable_path/Frameworks",
				);
				PRODUCT_BUNDLE_IDENTIFIER = PetarSimonovic.thread;
				PRODUCT_NAME = "$(TARGET_NAME)";
				SWIFT_VERSION = 5.0;
				TARGETED_DEVICE_FAMILY = "1,2";
			};
			name = Release;
		};
		0D9070452631B97600855895 /* Debug */ = {
			isa = XCBuildConfiguration;
			buildSettings = {
				ALWAYS_EMBED_SWIFT_STANDARD_LIBRARIES = YES;
				BUNDLE_LOADER = "$(TEST_HOST)";
				CODE_SIGN_STYLE = Automatic;
				DEVELOPMENT_TEAM = 6TPWY3BLL8;
				INFOPLIST_FILE = threadTests/Info.plist;
				IPHONEOS_DEPLOYMENT_TARGET = 14.4;
				LD_RUNPATH_SEARCH_PATHS = (
					"$(inherited)",
					"@executable_path/Frameworks",
					"@loader_path/Frameworks",
				);
				PRODUCT_BUNDLE_IDENTIFIER = PetarSimonovic.threadTests;
				PRODUCT_NAME = "$(TARGET_NAME)";
				SWIFT_VERSION = 5.0;
				TARGETED_DEVICE_FAMILY = "1,2";
				TEST_HOST = "$(BUILT_PRODUCTS_DIR)/thread.app/thread";
			};
			name = Debug;
		};
		0D9070462631B97600855895 /* Release */ = {
			isa = XCBuildConfiguration;
			buildSettings = {
				ALWAYS_EMBED_SWIFT_STANDARD_LIBRARIES = YES;
				BUNDLE_LOADER = "$(TEST_HOST)";
				CODE_SIGN_STYLE = Automatic;
				DEVELOPMENT_TEAM = 6TPWY3BLL8;
				INFOPLIST_FILE = threadTests/Info.plist;
				IPHONEOS_DEPLOYMENT_TARGET = 14.4;
				LD_RUNPATH_SEARCH_PATHS = (
					"$(inherited)",
					"@executable_path/Frameworks",
					"@loader_path/Frameworks",
				);
				PRODUCT_BUNDLE_IDENTIFIER = PetarSimonovic.threadTests;
				PRODUCT_NAME = "$(TARGET_NAME)";
				SWIFT_VERSION = 5.0;
				TARGETED_DEVICE_FAMILY = "1,2";
				TEST_HOST = "$(BUILT_PRODUCTS_DIR)/thread.app/thread";
			};
			name = Release;
		};
		0D9070482631B97600855895 /* Debug */ = {
			isa = XCBuildConfiguration;
			buildSettings = {
				ALWAYS_EMBED_SWIFT_STANDARD_LIBRARIES = YES;
				CODE_SIGN_STYLE = Automatic;
				DEVELOPMENT_TEAM = 6TPWY3BLL8;
				INFOPLIST_FILE = threadUITests/Info.plist;
				LD_RUNPATH_SEARCH_PATHS = (
					"$(inherited)",
					"@executable_path/Frameworks",
					"@loader_path/Frameworks",
				);
				PRODUCT_BUNDLE_IDENTIFIER = PetarSimonovic.threadUITests;
				PRODUCT_NAME = "$(TARGET_NAME)";
				SWIFT_VERSION = 5.0;
				TARGETED_DEVICE_FAMILY = "1,2";
				TEST_TARGET_NAME = thread;
			};
			name = Debug;
		};
		0D9070492631B97600855895 /* Release */ = {
			isa = XCBuildConfiguration;
			buildSettings = {
				ALWAYS_EMBED_SWIFT_STANDARD_LIBRARIES = YES;
				CODE_SIGN_STYLE = Automatic;
				DEVELOPMENT_TEAM = 6TPWY3BLL8;
				INFOPLIST_FILE = threadUITests/Info.plist;
				LD_RUNPATH_SEARCH_PATHS = (
					"$(inherited)",
					"@executable_path/Frameworks",
					"@loader_path/Frameworks",
				);
				PRODUCT_BUNDLE_IDENTIFIER = PetarSimonovic.threadUITests;
				PRODUCT_NAME = "$(TARGET_NAME)";
				SWIFT_VERSION = 5.0;
				TARGETED_DEVICE_FAMILY = "1,2";
				TEST_TARGET_NAME = thread;
			};
			name = Release;
		};
/* End XCBuildConfiguration section */

/* Begin XCConfigurationList section */
		0D9070112631B97500855895 /* Build configuration list for PBXProject "thread" */ = {
			isa = XCConfigurationList;
			buildConfigurations = (
				0D90703F2631B97600855895 /* Debug */,
				0D9070402631B97600855895 /* Release */,
			);
			defaultConfigurationIsVisible = 0;
			defaultConfigurationName = Release;
		};
		0D9070412631B97600855895 /* Build configuration list for PBXNativeTarget "thread" */ = {
			isa = XCConfigurationList;
			buildConfigurations = (
				0D9070422631B97600855895 /* Debug */,
				0D9070432631B97600855895 /* Release */,
			);
			defaultConfigurationIsVisible = 0;
			defaultConfigurationName = Release;
		};
		0D9070442631B97600855895 /* Build configuration list for PBXNativeTarget "threadTests" */ = {
			isa = XCConfigurationList;
			buildConfigurations = (
				0D9070452631B97600855895 /* Debug */,
				0D9070462631B97600855895 /* Release */,
			);
			defaultConfigurationIsVisible = 0;
			defaultConfigurationName = Release;
		};
		0D9070472631B97600855895 /* Build configuration list for PBXNativeTarget "threadUITests" */ = {
			isa = XCConfigurationList;
			buildConfigurations = (
				0D9070482631B97600855895 /* Debug */,
				0D9070492631B97600855895 /* Release */,
			);
			defaultConfigurationIsVisible = 0;
			defaultConfigurationName = Release;
		};
/* End XCConfigurationList section */
	};
	rootObject = 0D90700E2631B97500855895 /* Project object */;
}
